// !$*UTF8*$!
{
	archiveVersion = 1;
	classes = {
	};
	objectVersion = 48;
	objects = {

/* Begin PBXBuildFile section */
		B373D4C222C6FC8D0051896F /* EditGradeStatusVC.swift in Sources */ = {isa = PBXBuildFile; fileRef = B373D4C122C6FC8D0051896F /* EditGradeStatusVC.swift */; };
		B3F01AC423F3708D00F41136 /* EditHandlesVC.swift in Sources */ = {isa = PBXBuildFile; fileRef = B397D96D23EF1EF700ABE94F /* EditHandlesVC.swift */; };
		BF005BDF1FB9FE6300CFE337 /* FriendChatCell.swift in Sources */ = {isa = PBXBuildFile; fileRef = BF005BDE1FB9FE6300CFE337 /* FriendChatCell.swift */; };
		BF0220F320AF42EB00A3CB8F /* DataHandler_Express.swift in Sources */ = {isa = PBXBuildFile; fileRef = BF0220F220AF42EB00A3CB8F /* DataHandler_Express.swift */; };
		BF0220F520AF457A00A3CB8F /* DataHandler_Core.swift in Sources */ = {isa = PBXBuildFile; fileRef = BF0220F420AF457A00A3CB8F /* DataHandler_Core.swift */; };
		BF0A9A6C20169FE400AC1E48 /* Structs.swift in Sources */ = {isa = PBXBuildFile; fileRef = BF0A9A6B20169FE400AC1E48 /* Structs.swift */; };
		BF0F0942218D59E400036842 /* ChatSceneVC.swift in Sources */ = {isa = PBXBuildFile; fileRef = BF0F0941218D59E300036842 /* ChatSceneVC.swift */; };
		BF1082761ED4C793000677A3 /* AppDelegate.swift in Sources */ = {isa = PBXBuildFile; fileRef = BF1082751ED4C793000677A3 /* AppDelegate.swift */; };
		BF1082781ED4C793000677A3 /* LoginVC.swift in Sources */ = {isa = PBXBuildFile; fileRef = BF1082771ED4C793000677A3 /* LoginVC.swift */; };
		BF10827B1ED4C793000677A3 /* Main.storyboard in Resources */ = {isa = PBXBuildFile; fileRef = BF1082791ED4C793000677A3 /* Main.storyboard */; };
		BF10827D1ED4C793000677A3 /* Assets.xcassets in Resources */ = {isa = PBXBuildFile; fileRef = BF10827C1ED4C793000677A3 /* Assets.xcassets */; };
		BF1082881ED4C7A7000677A3 /* GoogleService-Info.plist in Resources */ = {isa = PBXBuildFile; fileRef = BF1082871ED4C7A7000677A3 /* GoogleService-Info.plist */; };
		BF16F49F22ADBBF800BCF369 /* NetworkConstants.swift in Sources */ = {isa = PBXBuildFile; fileRef = BF16F49E22ADBBF800BCF369 /* NetworkConstants.swift */; };
		BF16F4A122ADBE1700BCF369 /* UserRequests.swift in Sources */ = {isa = PBXBuildFile; fileRef = BF16F4A022ADBE1700BCF369 /* UserRequests.swift */; };
		BF1EDC4F1EE4A015006CB610 /* FirebaseManager.swift in Sources */ = {isa = PBXBuildFile; fileRef = BF1EDC4E1EE4A015006CB610 /* FirebaseManager.swift */; };
		BF1EDC521EE60CAF006CB610 /* WelcomeVC.swift in Sources */ = {isa = PBXBuildFile; fileRef = BF1EDC511EE60CAF006CB610 /* WelcomeVC.swift */; };
		BF2652EB1F16B2090013873F /* HomeVC.swift in Sources */ = {isa = PBXBuildFile; fileRef = BF2652EA1F16B2090013873F /* HomeVC.swift */; };
		BF2652ED1F16BB9F0013873F /* PreferencesSetupVC.swift in Sources */ = {isa = PBXBuildFile; fileRef = BF2652EC1F16BB9F0013873F /* PreferencesSetupVC.swift */; };
		BF2652EF1F18057F0013873F /* DataHandler.swift in Sources */ = {isa = PBXBuildFile; fileRef = BF2652EE1F18057F0013873F /* DataHandler.swift */; };
		BF2652F11F1821F30013873F /* InterestsSetupVC.swift in Sources */ = {isa = PBXBuildFile; fileRef = BF2652F01F1821F30013873F /* InterestsSetupVC.swift */; };
		BF310E1822DC0D5D006C7D6D /* AvatarCreatorVC.swift in Sources */ = {isa = PBXBuildFile; fileRef = BF310E1722DC0D5D006C7D6D /* AvatarCreatorVC.swift */; };
		BF310E1A22DC10C1006C7D6D /* AvatarView.xib in Resources */ = {isa = PBXBuildFile; fileRef = BF310E1922DC10C1006C7D6D /* AvatarView.xib */; };
		BF310E1C22DC122B006C7D6D /* AvatarView.swift in Sources */ = {isa = PBXBuildFile; fileRef = BF310E1B22DC122B006C7D6D /* AvatarView.swift */; };
		BF310E1E22DC2601006C7D6D /* AvatarObject.swift in Sources */ = {isa = PBXBuildFile; fileRef = BF310E1D22DC2601006C7D6D /* AvatarObject.swift */; };
		BF3B2E171EE43A67002796DE /* VerifyVC.swift in Sources */ = {isa = PBXBuildFile; fileRef = BF3B2E161EE43A67002796DE /* VerifyVC.swift */; };
		BF42392622BD564900340E83 /* Profile.storyboard in Resources */ = {isa = PBXBuildFile; fileRef = BF42392522BD564900340E83 /* Profile.storyboard */; };
		BF42392922BD593100340E83 /* BasicInfoCell.xib in Resources */ = {isa = PBXBuildFile; fileRef = BF42392822BD593100340E83 /* BasicInfoCell.xib */; };
		BF42392B22C12CA800340E83 /* UserProfileVC.swift in Sources */ = {isa = PBXBuildFile; fileRef = BF42392A22C12CA800340E83 /* UserProfileVC.swift */; };
		BF42392D22C130D000340E83 /* CollectionViewFlowLayout.swift in Sources */ = {isa = PBXBuildFile; fileRef = BF42392C22C130D000340E83 /* CollectionViewFlowLayout.swift */; };
		BF42392F22C132F800340E83 /* BasicInfoCell.swift in Sources */ = {isa = PBXBuildFile; fileRef = BF42392E22C132F800340E83 /* BasicInfoCell.swift */; };
		BF42393222C144A500340E83 /* LogoutCell.swift in Sources */ = {isa = PBXBuildFile; fileRef = BF42393022C144A500340E83 /* LogoutCell.swift */; };
		BF42393322C144A500340E83 /* LogoutCell.xib in Resources */ = {isa = PBXBuildFile; fileRef = BF42393122C144A500340E83 /* LogoutCell.xib */; };
		BF4247F21EF70E1B003BEEA8 /* PrivateSetup2VC.swift in Sources */ = {isa = PBXBuildFile; fileRef = BF4247F11EF70E1B003BEEA8 /* PrivateSetup2VC.swift */; };
		BF43C5DC1EE72AAC00602357 /* MyPreferencesVC.swift in Sources */ = {isa = PBXBuildFile; fileRef = BF43C5DB1EE72AAC00602357 /* MyPreferencesVC.swift */; };
		BF4C29D1218909B100589E1B /* DataHandler_Friends.swift in Sources */ = {isa = PBXBuildFile; fileRef = BF4C29D0218909B100589E1B /* DataHandler_Friends.swift */; };
		BF4C29D5218B60EA00589E1B /* DataHandler_Observers.swift in Sources */ = {isa = PBXBuildFile; fileRef = BF4C29D4218B60EA00589E1B /* DataHandler_Observers.swift */; };
		BF528EE5233AFDF900E7E1E5 /* Message.swift in Sources */ = {isa = PBXBuildFile; fileRef = BF528EE4233AFDF900E7E1E5 /* Message.swift */; };
		BF528EE723400B0300E7E1E5 /* Onboarding.storyboard in Resources */ = {isa = PBXBuildFile; fileRef = BF528EE623400B0300E7E1E5 /* Onboarding.storyboard */; };
		BF528EE9234010A300E7E1E5 /* InitialVC.swift in Sources */ = {isa = PBXBuildFile; fileRef = BF528EE8234010A300E7E1E5 /* InitialVC.swift */; };
		BF5408252057619D00E5A1BB /* AboutVC.swift in Sources */ = {isa = PBXBuildFile; fileRef = BF5408242057619D00E5A1BB /* AboutVC.swift */; };
		BF570A7123073C8F001AC839 /* EditShortBioVC.swift in Sources */ = {isa = PBXBuildFile; fileRef = BF570A7023073C8F001AC839 /* EditShortBioVC.swift */; };
		BF57B64D228F481C00D500A2 /* UserObject.swift in Sources */ = {isa = PBXBuildFile; fileRef = BF57B64C228F481C00D500A2 /* UserObject.swift */; };
		BF57B650228F487000D500A2 /* FriendshipObject.swift in Sources */ = {isa = PBXBuildFile; fileRef = BF57B64F228F487000D500A2 /* FriendshipObject.swift */; };
		BF57B652228F49D800D500A2 /* InterestsObject.swift in Sources */ = {isa = PBXBuildFile; fileRef = BF57B651228F49D800D500A2 /* InterestsObject.swift */; };
		BF57B654228F4B2C00D500A2 /* CommunityObject.swift in Sources */ = {isa = PBXBuildFile; fileRef = BF57B653228F4B2C00D500A2 /* CommunityObject.swift */; };
		BF5831051EE1ECF200A5D34C /* LaunchScreen.storyboard in Resources */ = {isa = PBXBuildFile; fileRef = BF5831041EE1ECF200A5D34C /* LaunchScreen.storyboard */; };
		BF58F4D522DE317A008F69FF /* GradeStatusCell.swift in Sources */ = {isa = PBXBuildFile; fileRef = BF58F4D322DE317A008F69FF /* GradeStatusCell.swift */; };
		BF58F4D622DE317A008F69FF /* GradeStatusCell.xib in Resources */ = {isa = PBXBuildFile; fileRef = BF58F4D422DE317A008F69FF /* GradeStatusCell.xib */; };
		BF5B410E236BBBFC0046A94F /* InputNameVC.swift in Sources */ = {isa = PBXBuildFile; fileRef = BF5B410D236BBBFC0046A94F /* InputNameVC.swift */; };
		BF5B4110236CB4970046A94F /* CreateAvatarVC.swift in Sources */ = {isa = PBXBuildFile; fileRef = BF5B410F236CB4970046A94F /* CreateAvatarVC.swift */; };
		BF628E041FCE1FA200824E87 /* Matching.swift in Sources */ = {isa = PBXBuildFile; fileRef = BF628E031FCE1FA100824E87 /* Matching.swift */; };
		BF69B53A240481E900CD7421 /* HomeVC_HybridCollection.swift in Sources */ = {isa = PBXBuildFile; fileRef = BF69B539240481E900CD7421 /* HomeVC_HybridCollection.swift */; };
		BF7066FC22AD5A5800129EA9 /* UserManager.swift in Sources */ = {isa = PBXBuildFile; fileRef = BF7066FB22AD5A5800129EA9 /* UserManager.swift */; };
		BF70B6612339B4E900E3A47B /* MessageInterfaceVC.swift in Sources */ = {isa = PBXBuildFile; fileRef = BF70B6602339B4E900E3A47B /* MessageInterfaceVC.swift */; };
		BF741E5922CCFCC500F9CACE /* MapCell.swift in Sources */ = {isa = PBXBuildFile; fileRef = BF741E5722CCFCC500F9CACE /* MapCell.swift */; };
		BF741E5A22CCFCC500F9CACE /* MapCell.xib in Resources */ = {isa = PBXBuildFile; fileRef = BF741E5822CCFCC500F9CACE /* MapCell.xib */; };
		BF76918622B6882500D7A5EC /* CodableExtensions.swift in Sources */ = {isa = PBXBuildFile; fileRef = BF76918522B6882500D7A5EC /* CodableExtensions.swift */; };
		BF7B29DC23F1E84400E1B29B /* HomeVC_V2Extension.swift in Sources */ = {isa = PBXBuildFile; fileRef = BF7B29DB23F1E84400E1B29B /* HomeVC_V2Extension.swift */; };
		BF7B29DE23F209C100E1B29B /* NotificationExtensions.swift in Sources */ = {isa = PBXBuildFile; fileRef = BF7B29DD23F209C100E1B29B /* NotificationExtensions.swift */; };
		BF7B29E123F2182B00E1B29B /* SponsorsCollectionCell.swift in Sources */ = {isa = PBXBuildFile; fileRef = BF7B29DF23F2182B00E1B29B /* SponsorsCollectionCell.swift */; };
		BF7B29E223F2182B00E1B29B /* SponsorsCollectionCell.xib in Resources */ = {isa = PBXBuildFile; fileRef = BF7B29E023F2182B00E1B29B /* SponsorsCollectionCell.xib */; };
		BF7B29E523F2193900E1B29B /* SponsorCell.swift in Sources */ = {isa = PBXBuildFile; fileRef = BF7B29E323F2193900E1B29B /* SponsorCell.swift */; };
		BF7B29E623F2193900E1B29B /* SponsorCell.xib in Resources */ = {isa = PBXBuildFile; fileRef = BF7B29E423F2193900E1B29B /* SponsorCell.xib */; };
		BF7CF343230820D9004CEB7A /* World.storyboard in Resources */ = {isa = PBXBuildFile; fileRef = BF7CF342230820D9004CEB7A /* World.storyboard */; };
		BF7CF3452308215C004CEB7A /* WorldVC.swift in Sources */ = {isa = PBXBuildFile; fileRef = BF7CF3442308215C004CEB7A /* WorldVC.swift */; };
		BF7CF34923083039004CEB7A /* UserCell.swift in Sources */ = {isa = PBXBuildFile; fileRef = BF7CF34723083039004CEB7A /* UserCell.swift */; };
		BF7CF34A23083039004CEB7A /* UserCell.xib in Resources */ = {isa = PBXBuildFile; fileRef = BF7CF34823083039004CEB7A /* UserCell.xib */; };
		BF85923520606F200065C8AD /* Chatting.swift in Sources */ = {isa = PBXBuildFile; fileRef = BF85923420606F200065C8AD /* Chatting.swift */; };
		BF8603C122C19F6F00BA2608 /* BioCell.swift in Sources */ = {isa = PBXBuildFile; fileRef = BF8603BF22C19F6F00BA2608 /* BioCell.swift */; };
		BF8603C222C19F6F00BA2608 /* BioCell.xib in Resources */ = {isa = PBXBuildFile; fileRef = BF8603C022C19F6F00BA2608 /* BioCell.xib */; };
		BF8A0E3B1FBB6FF7009EEF4E /* EditProfile.swift in Sources */ = {isa = PBXBuildFile; fileRef = BF8A0E3A1FBB6FF7009EEF4E /* EditProfile.swift */; };
		BF8EC8F120ADD866008CFCCE /* ChattingAlerts.swift in Sources */ = {isa = PBXBuildFile; fileRef = BF8EC8F020ADD866008CFCCE /* ChattingAlerts.swift */; };
		BF99DDBB1F183F710069F2C5 /* ProfileOptionsVC.swift in Sources */ = {isa = PBXBuildFile; fileRef = BF99DDBA1F183F710069F2C5 /* ProfileOptionsVC.swift */; };
		BF99DDC01F1846AB0069F2C5 /* Segues.swift in Sources */ = {isa = PBXBuildFile; fileRef = BF99DDBF1F1846AB0069F2C5 /* Segues.swift */; };
		BF9F50F521BB47CA000FA5C4 /* ChatHandler.swift in Sources */ = {isa = PBXBuildFile; fileRef = BF9F50F421BB47CA000FA5C4 /* ChatHandler.swift */; };
		BFA6564621A5EA5B00A9B99B /* DataHandler_FCM.swift in Sources */ = {isa = PBXBuildFile; fileRef = BFA6564521A5EA5B00A9B99B /* DataHandler_FCM.swift */; };
		BFB2E5481F71D4A40096D562 /* Constants.swift in Sources */ = {isa = PBXBuildFile; fileRef = BFB2E5471F71D4A40096D562 /* Constants.swift */; };
		BFB2E54A1F71D4FD0096D562 /* ChatInterfaceVC.swift in Sources */ = {isa = PBXBuildFile; fileRef = BFB2E5491F71D4FD0096D562 /* ChatInterfaceVC.swift */; };
		BFC255E523F671B700EF865B /* SponsorObject.swift in Sources */ = {isa = PBXBuildFile; fileRef = BFC255E423F671B700EF865B /* SponsorObject.swift */; };
		BFC80D4923F5CCD300AAC744 /* MatchingRequests.swift in Sources */ = {isa = PBXBuildFile; fileRef = BFC80D4823F5CCD300AAC744 /* MatchingRequests.swift */; };
		BFCC3BF61EE89C5600BD1F1C /* PrivateSetup1VC.swift in Sources */ = {isa = PBXBuildFile; fileRef = BFCC3BF51EE89C5600BD1F1C /* PrivateSetup1VC.swift */; };
		BFD28E5B22DE253600FA48B7 /* NearbyCell.swift in Sources */ = {isa = PBXBuildFile; fileRef = BFD28E5922DE253600FA48B7 /* NearbyCell.swift */; };
		BFD28E5C22DE253600FA48B7 /* NearbyCell.xib in Resources */ = {isa = PBXBuildFile; fileRef = BFD28E5A22DE253600FA48B7 /* NearbyCell.xib */; };
		BFD2CD72219B36D900337148 /* GraphicEffects.swift in Sources */ = {isa = PBXBuildFile; fileRef = BFD2CD71219B36D900337148 /* GraphicEffects.swift */; };
		BFD2CD77219B44FA00337148 /* FriendDetailVC.swift in Sources */ = {isa = PBXBuildFile; fileRef = BFD2CD76219B44FA00337148 /* FriendDetailVC.swift */; };
		BFD69E8223E62F6100C19D64 /* GigObject.swift in Sources */ = {isa = PBXBuildFile; fileRef = BFD69E8123E62F6100C19D64 /* GigObject.swift */; };
		BFD69E8423E6327700C19D64 /* PostGigVC.swift in Sources */ = {isa = PBXBuildFile; fileRef = BFD69E8323E6327700C19D64 /* PostGigVC.swift */; };
		BFD69E8723E6392500C19D64 /* GigCell.swift in Sources */ = {isa = PBXBuildFile; fileRef = BFD69E8523E6392500C19D64 /* GigCell.swift */; };
		BFD69E8823E6392500C19D64 /* GigCell.xib in Resources */ = {isa = PBXBuildFile; fileRef = BFD69E8623E6392500C19D64 /* GigCell.xib */; };
		BFD69E8C23EF27ED00C19D64 /* FriendshipRequests.swift in Sources */ = {isa = PBXBuildFile; fileRef = BFD69E8B23EF27ED00C19D64 /* FriendshipRequests.swift */; };
		BFE39CB622E14D2F00C2ABDE /* InterestCell.swift in Sources */ = {isa = PBXBuildFile; fileRef = BFE39CB422E14D2E00C2ABDE /* InterestCell.swift */; };
		BFE39CB722E14D2F00C2ABDE /* InterestCell.xib in Resources */ = {isa = PBXBuildFile; fileRef = BFE39CB522E14D2E00C2ABDE /* InterestCell.xib */; };
		BFE39CBB22E160C600C2ABDE /* HeaderCell.swift in Sources */ = {isa = PBXBuildFile; fileRef = BFE39CB922E160C600C2ABDE /* HeaderCell.swift */; };
		BFE39CBC22E160C600C2ABDE /* HeaderCell.xib in Resources */ = {isa = PBXBuildFile; fileRef = BFE39CBA22E160C600C2ABDE /* HeaderCell.xib */; };
		BFEB30391F68891E00CD4173 /* UserData.swift in Sources */ = {isa = PBXBuildFile; fileRef = BFEB30381F68891E00CD4173 /* UserData.swift */; };
		BFEE185D1FD493960011A34A /* String+Subtring.swift in Sources */ = {isa = PBXBuildFile; fileRef = BFEE185C1FD493960011A34A /* String+Subtring.swift */; };
		BFFB1A1A23F49B2D00BC6CAA /* FriendshipCell.swift in Sources */ = {isa = PBXBuildFile; fileRef = BFFB1A1823F49B2D00BC6CAA /* FriendshipCell.swift */; };
		BFFB1A1B23F49B2D00BC6CAA /* FriendshipCell.xib in Resources */ = {isa = PBXBuildFile; fileRef = BFFB1A1923F49B2D00BC6CAA /* FriendshipCell.xib */; };
		E43A8F8923F85B6200530089 /* EditMajorVC.swift in Sources */ = {isa = PBXBuildFile; fileRef = E43A8F8823F85B6200530089 /* EditMajorVC.swift */; };
		FBF423040A80BF0824D00FBC /* Pods_Mac_Daddy.framework in Frameworks */ = {isa = PBXBuildFile; fileRef = CA63F1DF82FD5807F3D81495 /* Pods_Mac_Daddy.framework */; };
/* End PBXBuildFile section */

/* Begin PBXFileReference section */
		1B37B8AFA3166496974111B3 /* Pods-Mac Daddy.release.xcconfig */ = {isa = PBXFileReference; includeInIndex = 1; lastKnownFileType = text.xcconfig; name = "Pods-Mac Daddy.release.xcconfig"; path = "Target Support Files/Pods-Mac Daddy/Pods-Mac Daddy.release.xcconfig"; sourceTree = "<group>"; };
		1E2793F9AB03245BA72648A1 /* Pods-Mac Daddy.debug.xcconfig */ = {isa = PBXFileReference; includeInIndex = 1; lastKnownFileType = text.xcconfig; name = "Pods-Mac Daddy.debug.xcconfig"; path = "Target Support Files/Pods-Mac Daddy/Pods-Mac Daddy.debug.xcconfig"; sourceTree = "<group>"; };
		B373D4C122C6FC8D0051896F /* EditGradeStatusVC.swift */ = {isa = PBXFileReference; lastKnownFileType = sourcecode.swift; path = EditGradeStatusVC.swift; sourceTree = "<group>"; };
		B397D96D23EF1EF700ABE94F /* EditHandlesVC.swift */ = {isa = PBXFileReference; lastKnownFileType = sourcecode.swift; path = EditHandlesVC.swift; sourceTree = "<group>"; };
		B397D96F23EF25E200ABE94F /* HandleCell.swift */ = {isa = PBXFileReference; lastKnownFileType = sourcecode.swift; path = HandleCell.swift; sourceTree = "<group>"; };
		B397D97323EF298200ABE94F /* HandleCell.xib */ = {isa = PBXFileReference; fileEncoding = 4; lastKnownFileType = file.xib; path = HandleCell.xib; sourceTree = "<group>"; };
		BF005BDE1FB9FE6300CFE337 /* FriendChatCell.swift */ = {isa = PBXFileReference; lastKnownFileType = sourcecode.swift; path = FriendChatCell.swift; sourceTree = "<group>"; };
		BF0220F220AF42EB00A3CB8F /* DataHandler_Express.swift */ = {isa = PBXFileReference; lastKnownFileType = sourcecode.swift; path = DataHandler_Express.swift; sourceTree = "<group>"; };
		BF0220F420AF457A00A3CB8F /* DataHandler_Core.swift */ = {isa = PBXFileReference; lastKnownFileType = sourcecode.swift; path = DataHandler_Core.swift; sourceTree = "<group>"; };
		BF0A9A6B20169FE400AC1E48 /* Structs.swift */ = {isa = PBXFileReference; lastKnownFileType = sourcecode.swift; path = Structs.swift; sourceTree = "<group>"; };
		BF0F0940218CED5D00036842 /* Mac Daddy.entitlements */ = {isa = PBXFileReference; lastKnownFileType = text.plist.entitlements; path = "Mac Daddy.entitlements"; sourceTree = "<group>"; };
		BF0F0941218D59E300036842 /* ChatSceneVC.swift */ = {isa = PBXFileReference; lastKnownFileType = sourcecode.swift; path = ChatSceneVC.swift; sourceTree = "<group>"; };
		BF1082721ED4C793000677A3 /* Mac Daddy.app */ = {isa = PBXFileReference; explicitFileType = wrapper.application; includeInIndex = 0; path = "Mac Daddy.app"; sourceTree = BUILT_PRODUCTS_DIR; };
		BF1082751ED4C793000677A3 /* AppDelegate.swift */ = {isa = PBXFileReference; lastKnownFileType = sourcecode.swift; path = AppDelegate.swift; sourceTree = "<group>"; };
		BF1082771ED4C793000677A3 /* LoginVC.swift */ = {isa = PBXFileReference; lastKnownFileType = sourcecode.swift; path = LoginVC.swift; sourceTree = "<group>"; };
		BF10827A1ED4C793000677A3 /* Base */ = {isa = PBXFileReference; lastKnownFileType = file.storyboard; name = Base; path = Base.lproj/Main.storyboard; sourceTree = "<group>"; };
		BF10827C1ED4C793000677A3 /* Assets.xcassets */ = {isa = PBXFileReference; lastKnownFileType = folder.assetcatalog; path = Assets.xcassets; sourceTree = "<group>"; };
		BF1082811ED4C793000677A3 /* Info.plist */ = {isa = PBXFileReference; lastKnownFileType = text.plist.xml; name = Info.plist; path = "Mac Daddy/Info.plist"; sourceTree = "<group>"; };
		BF1082871ED4C7A7000677A3 /* GoogleService-Info.plist */ = {isa = PBXFileReference; fileEncoding = 4; lastKnownFileType = text.plist.xml; name = "GoogleService-Info.plist"; path = "Mac Daddy/GoogleService-Info.plist"; sourceTree = "<group>"; };
		BF16F49E22ADBBF800BCF369 /* NetworkConstants.swift */ = {isa = PBXFileReference; lastKnownFileType = sourcecode.swift; path = NetworkConstants.swift; sourceTree = "<group>"; };
		BF16F4A022ADBE1700BCF369 /* UserRequests.swift */ = {isa = PBXFileReference; lastKnownFileType = sourcecode.swift; path = UserRequests.swift; sourceTree = "<group>"; };
		BF1EDC4E1EE4A015006CB610 /* FirebaseManager.swift */ = {isa = PBXFileReference; fileEncoding = 4; lastKnownFileType = sourcecode.swift; path = FirebaseManager.swift; sourceTree = "<group>"; };
		BF1EDC511EE60CAF006CB610 /* WelcomeVC.swift */ = {isa = PBXFileReference; fileEncoding = 4; lastKnownFileType = sourcecode.swift; path = WelcomeVC.swift; sourceTree = "<group>"; };
		BF2652EA1F16B2090013873F /* HomeVC.swift */ = {isa = PBXFileReference; fileEncoding = 4; lastKnownFileType = sourcecode.swift; path = HomeVC.swift; sourceTree = "<group>"; };
		BF2652EC1F16BB9F0013873F /* PreferencesSetupVC.swift */ = {isa = PBXFileReference; fileEncoding = 4; lastKnownFileType = sourcecode.swift; path = PreferencesSetupVC.swift; sourceTree = "<group>"; };
		BF2652EE1F18057F0013873F /* DataHandler.swift */ = {isa = PBXFileReference; fileEncoding = 4; lastKnownFileType = sourcecode.swift; path = DataHandler.swift; sourceTree = "<group>"; };
		BF2652F01F1821F30013873F /* InterestsSetupVC.swift */ = {isa = PBXFileReference; fileEncoding = 4; lastKnownFileType = sourcecode.swift; path = InterestsSetupVC.swift; sourceTree = "<group>"; };
		BF310E1722DC0D5D006C7D6D /* AvatarCreatorVC.swift */ = {isa = PBXFileReference; lastKnownFileType = sourcecode.swift; path = AvatarCreatorVC.swift; sourceTree = "<group>"; };
		BF310E1922DC10C1006C7D6D /* AvatarView.xib */ = {isa = PBXFileReference; lastKnownFileType = file.xib; path = AvatarView.xib; sourceTree = "<group>"; };
		BF310E1B22DC122B006C7D6D /* AvatarView.swift */ = {isa = PBXFileReference; lastKnownFileType = sourcecode.swift; path = AvatarView.swift; sourceTree = "<group>"; };
		BF310E1D22DC2601006C7D6D /* AvatarObject.swift */ = {isa = PBXFileReference; lastKnownFileType = sourcecode.swift; path = AvatarObject.swift; sourceTree = "<group>"; };
		BF3B2E161EE43A67002796DE /* VerifyVC.swift */ = {isa = PBXFileReference; fileEncoding = 4; lastKnownFileType = sourcecode.swift; path = VerifyVC.swift; sourceTree = "<group>"; };
		BF42392522BD564900340E83 /* Profile.storyboard */ = {isa = PBXFileReference; lastKnownFileType = file.storyboard; path = Profile.storyboard; sourceTree = "<group>"; };
		BF42392822BD593100340E83 /* BasicInfoCell.xib */ = {isa = PBXFileReference; lastKnownFileType = file.xib; path = BasicInfoCell.xib; sourceTree = "<group>"; };
		BF42392A22C12CA800340E83 /* UserProfileVC.swift */ = {isa = PBXFileReference; lastKnownFileType = sourcecode.swift; path = UserProfileVC.swift; sourceTree = "<group>"; };
		BF42392C22C130D000340E83 /* CollectionViewFlowLayout.swift */ = {isa = PBXFileReference; lastKnownFileType = sourcecode.swift; path = CollectionViewFlowLayout.swift; sourceTree = "<group>"; };
		BF42392E22C132F800340E83 /* BasicInfoCell.swift */ = {isa = PBXFileReference; lastKnownFileType = sourcecode.swift; path = BasicInfoCell.swift; sourceTree = "<group>"; };
		BF42393022C144A500340E83 /* LogoutCell.swift */ = {isa = PBXFileReference; lastKnownFileType = sourcecode.swift; path = LogoutCell.swift; sourceTree = "<group>"; };
		BF42393122C144A500340E83 /* LogoutCell.xib */ = {isa = PBXFileReference; lastKnownFileType = file.xib; path = LogoutCell.xib; sourceTree = "<group>"; };
		BF4247F11EF70E1B003BEEA8 /* PrivateSetup2VC.swift */ = {isa = PBXFileReference; fileEncoding = 4; lastKnownFileType = sourcecode.swift; path = PrivateSetup2VC.swift; sourceTree = "<group>"; };
		BF43C5DB1EE72AAC00602357 /* MyPreferencesVC.swift */ = {isa = PBXFileReference; fileEncoding = 4; lastKnownFileType = sourcecode.swift; path = MyPreferencesVC.swift; sourceTree = "<group>"; };
		BF4C29D0218909B100589E1B /* DataHandler_Friends.swift */ = {isa = PBXFileReference; lastKnownFileType = sourcecode.swift; path = DataHandler_Friends.swift; sourceTree = "<group>"; };
		BF4C29D4218B60EA00589E1B /* DataHandler_Observers.swift */ = {isa = PBXFileReference; lastKnownFileType = sourcecode.swift; path = DataHandler_Observers.swift; sourceTree = "<group>"; };
		BF528EE4233AFDF900E7E1E5 /* Message.swift */ = {isa = PBXFileReference; lastKnownFileType = sourcecode.swift; path = Message.swift; sourceTree = "<group>"; };
		BF528EE623400B0300E7E1E5 /* Onboarding.storyboard */ = {isa = PBXFileReference; lastKnownFileType = file.storyboard; path = Onboarding.storyboard; sourceTree = "<group>"; };
		BF528EE8234010A300E7E1E5 /* InitialVC.swift */ = {isa = PBXFileReference; lastKnownFileType = sourcecode.swift; path = InitialVC.swift; sourceTree = "<group>"; };
		BF528EEA23401AAA00E7E1E5 /* Legacy.storyboard */ = {isa = PBXFileReference; lastKnownFileType = file.storyboard; name = Legacy.storyboard; path = "/Users/Linda/Desktop/My Apps/Mac Daddy/Mac Daddy/Legacy.storyboard"; sourceTree = "<absolute>"; };
		BF5408242057619D00E5A1BB /* AboutVC.swift */ = {isa = PBXFileReference; lastKnownFileType = sourcecode.swift; path = AboutVC.swift; sourceTree = "<group>"; };
		BF570A7023073C8F001AC839 /* EditShortBioVC.swift */ = {isa = PBXFileReference; lastKnownFileType = sourcecode.swift; path = EditShortBioVC.swift; sourceTree = "<group>"; };
		BF57B64C228F481C00D500A2 /* UserObject.swift */ = {isa = PBXFileReference; lastKnownFileType = sourcecode.swift; path = UserObject.swift; sourceTree = "<group>"; };
		BF57B64F228F487000D500A2 /* FriendshipObject.swift */ = {isa = PBXFileReference; lastKnownFileType = sourcecode.swift; path = FriendshipObject.swift; sourceTree = "<group>"; };
		BF57B651228F49D800D500A2 /* InterestsObject.swift */ = {isa = PBXFileReference; lastKnownFileType = sourcecode.swift; path = InterestsObject.swift; sourceTree = "<group>"; };
		BF57B653228F4B2C00D500A2 /* CommunityObject.swift */ = {isa = PBXFileReference; lastKnownFileType = sourcecode.swift; path = CommunityObject.swift; sourceTree = "<group>"; };
		BF5831041EE1ECF200A5D34C /* LaunchScreen.storyboard */ = {isa = PBXFileReference; fileEncoding = 4; lastKnownFileType = file.storyboard; path = LaunchScreen.storyboard; sourceTree = "<group>"; };
		BF58F4D322DE317A008F69FF /* GradeStatusCell.swift */ = {isa = PBXFileReference; lastKnownFileType = sourcecode.swift; path = GradeStatusCell.swift; sourceTree = "<group>"; };
		BF58F4D422DE317A008F69FF /* GradeStatusCell.xib */ = {isa = PBXFileReference; lastKnownFileType = file.xib; path = GradeStatusCell.xib; sourceTree = "<group>"; };
		BF5B410D236BBBFC0046A94F /* InputNameVC.swift */ = {isa = PBXFileReference; lastKnownFileType = sourcecode.swift; path = InputNameVC.swift; sourceTree = "<group>"; };
		BF5B410F236CB4970046A94F /* CreateAvatarVC.swift */ = {isa = PBXFileReference; lastKnownFileType = sourcecode.swift; path = CreateAvatarVC.swift; sourceTree = "<group>"; };
		BF628E031FCE1FA100824E87 /* Matching.swift */ = {isa = PBXFileReference; lastKnownFileType = sourcecode.swift; path = Matching.swift; sourceTree = "<group>"; };
		BF69B539240481E900CD7421 /* HomeVC_HybridCollection.swift */ = {isa = PBXFileReference; lastKnownFileType = sourcecode.swift; path = HomeVC_HybridCollection.swift; sourceTree = "<group>"; };
		BF7066FB22AD5A5800129EA9 /* UserManager.swift */ = {isa = PBXFileReference; lastKnownFileType = sourcecode.swift; path = UserManager.swift; sourceTree = "<group>"; };
		BF70B6602339B4E900E3A47B /* MessageInterfaceVC.swift */ = {isa = PBXFileReference; lastKnownFileType = sourcecode.swift; path = MessageInterfaceVC.swift; sourceTree = "<group>"; };
		BF741E5722CCFCC500F9CACE /* MapCell.swift */ = {isa = PBXFileReference; lastKnownFileType = sourcecode.swift; path = MapCell.swift; sourceTree = "<group>"; };
		BF741E5822CCFCC500F9CACE /* MapCell.xib */ = {isa = PBXFileReference; lastKnownFileType = file.xib; path = MapCell.xib; sourceTree = "<group>"; };
		BF76918522B6882500D7A5EC /* CodableExtensions.swift */ = {isa = PBXFileReference; lastKnownFileType = sourcecode.swift; path = CodableExtensions.swift; sourceTree = "<group>"; };
		BF7B29DB23F1E84400E1B29B /* HomeVC_V2Extension.swift */ = {isa = PBXFileReference; lastKnownFileType = sourcecode.swift; path = HomeVC_V2Extension.swift; sourceTree = "<group>"; };
		BF7B29DD23F209C100E1B29B /* NotificationExtensions.swift */ = {isa = PBXFileReference; lastKnownFileType = sourcecode.swift; path = NotificationExtensions.swift; sourceTree = "<group>"; };
		BF7B29DF23F2182B00E1B29B /* SponsorsCollectionCell.swift */ = {isa = PBXFileReference; lastKnownFileType = sourcecode.swift; path = SponsorsCollectionCell.swift; sourceTree = "<group>"; };
		BF7B29E023F2182B00E1B29B /* SponsorsCollectionCell.xib */ = {isa = PBXFileReference; lastKnownFileType = file.xib; path = SponsorsCollectionCell.xib; sourceTree = "<group>"; };
		BF7B29E323F2193900E1B29B /* SponsorCell.swift */ = {isa = PBXFileReference; lastKnownFileType = sourcecode.swift; path = SponsorCell.swift; sourceTree = "<group>"; };
		BF7B29E423F2193900E1B29B /* SponsorCell.xib */ = {isa = PBXFileReference; lastKnownFileType = file.xib; path = SponsorCell.xib; sourceTree = "<group>"; };
		BF7CF342230820D9004CEB7A /* World.storyboard */ = {isa = PBXFileReference; lastKnownFileType = file.storyboard; path = World.storyboard; sourceTree = "<group>"; };
		BF7CF3442308215C004CEB7A /* WorldVC.swift */ = {isa = PBXFileReference; lastKnownFileType = sourcecode.swift; path = WorldVC.swift; sourceTree = "<group>"; };
		BF7CF34723083039004CEB7A /* UserCell.swift */ = {isa = PBXFileReference; lastKnownFileType = sourcecode.swift; path = UserCell.swift; sourceTree = "<group>"; };
		BF7CF34823083039004CEB7A /* UserCell.xib */ = {isa = PBXFileReference; lastKnownFileType = file.xib; path = UserCell.xib; sourceTree = "<group>"; };
		BF85923420606F200065C8AD /* Chatting.swift */ = {isa = PBXFileReference; lastKnownFileType = sourcecode.swift; path = Chatting.swift; sourceTree = "<group>"; };
		BF8603BF22C19F6F00BA2608 /* BioCell.swift */ = {isa = PBXFileReference; lastKnownFileType = sourcecode.swift; path = BioCell.swift; sourceTree = "<group>"; };
		BF8603C022C19F6F00BA2608 /* BioCell.xib */ = {isa = PBXFileReference; lastKnownFileType = file.xib; path = BioCell.xib; sourceTree = "<group>"; };
		BF8A0E3A1FBB6FF7009EEF4E /* EditProfile.swift */ = {isa = PBXFileReference; lastKnownFileType = sourcecode.swift; path = EditProfile.swift; sourceTree = "<group>"; };
		BF8EC8F020ADD866008CFCCE /* ChattingAlerts.swift */ = {isa = PBXFileReference; lastKnownFileType = sourcecode.swift; path = ChattingAlerts.swift; sourceTree = "<group>"; };
		BF99DDBA1F183F710069F2C5 /* ProfileOptionsVC.swift */ = {isa = PBXFileReference; fileEncoding = 4; lastKnownFileType = sourcecode.swift; path = ProfileOptionsVC.swift; sourceTree = "<group>"; };
		BF99DDBF1F1846AB0069F2C5 /* Segues.swift */ = {isa = PBXFileReference; fileEncoding = 4; lastKnownFileType = sourcecode.swift; path = Segues.swift; sourceTree = "<group>"; };
		BF9F50F421BB47CA000FA5C4 /* ChatHandler.swift */ = {isa = PBXFileReference; lastKnownFileType = sourcecode.swift; path = ChatHandler.swift; sourceTree = "<group>"; };
		BFA6564521A5EA5B00A9B99B /* DataHandler_FCM.swift */ = {isa = PBXFileReference; lastKnownFileType = sourcecode.swift; path = DataHandler_FCM.swift; sourceTree = "<group>"; };
		BFB2E5461F71D31E0096D562 /* Bridging-Header.h */ = {isa = PBXFileReference; lastKnownFileType = sourcecode.c.h; path = "Bridging-Header.h"; sourceTree = "<group>"; };
		BFB2E5471F71D4A40096D562 /* Constants.swift */ = {isa = PBXFileReference; lastKnownFileType = sourcecode.swift; path = Constants.swift; sourceTree = "<group>"; };
		BFB2E5491F71D4FD0096D562 /* ChatInterfaceVC.swift */ = {isa = PBXFileReference; lastKnownFileType = sourcecode.swift; path = ChatInterfaceVC.swift; sourceTree = "<group>"; };
		BFC255E423F671B700EF865B /* SponsorObject.swift */ = {isa = PBXFileReference; lastKnownFileType = sourcecode.swift; path = SponsorObject.swift; sourceTree = "<group>"; };
		BFC80D4823F5CCD300AAC744 /* MatchingRequests.swift */ = {isa = PBXFileReference; lastKnownFileType = sourcecode.swift; path = MatchingRequests.swift; sourceTree = "<group>"; };
		BFCC3BF51EE89C5600BD1F1C /* PrivateSetup1VC.swift */ = {isa = PBXFileReference; fileEncoding = 4; lastKnownFileType = sourcecode.swift; path = PrivateSetup1VC.swift; sourceTree = "<group>"; };
		BFD28E5922DE253600FA48B7 /* NearbyCell.swift */ = {isa = PBXFileReference; lastKnownFileType = sourcecode.swift; path = NearbyCell.swift; sourceTree = "<group>"; };
		BFD28E5A22DE253600FA48B7 /* NearbyCell.xib */ = {isa = PBXFileReference; lastKnownFileType = file.xib; path = NearbyCell.xib; sourceTree = "<group>"; };
		BFD2CD71219B36D900337148 /* GraphicEffects.swift */ = {isa = PBXFileReference; lastKnownFileType = sourcecode.swift; path = GraphicEffects.swift; sourceTree = "<group>"; };
		BFD2CD76219B44FA00337148 /* FriendDetailVC.swift */ = {isa = PBXFileReference; lastKnownFileType = sourcecode.swift; path = FriendDetailVC.swift; sourceTree = "<group>"; };
		BFD69E8123E62F6100C19D64 /* GigObject.swift */ = {isa = PBXFileReference; lastKnownFileType = sourcecode.swift; path = GigObject.swift; sourceTree = "<group>"; };
		BFD69E8323E6327700C19D64 /* PostGigVC.swift */ = {isa = PBXFileReference; lastKnownFileType = sourcecode.swift; path = PostGigVC.swift; sourceTree = "<group>"; };
		BFD69E8523E6392500C19D64 /* GigCell.swift */ = {isa = PBXFileReference; lastKnownFileType = sourcecode.swift; path = GigCell.swift; sourceTree = "<group>"; };
		BFD69E8623E6392500C19D64 /* GigCell.xib */ = {isa = PBXFileReference; lastKnownFileType = file.xib; path = GigCell.xib; sourceTree = "<group>"; };
		BFD69E8B23EF27ED00C19D64 /* FriendshipRequests.swift */ = {isa = PBXFileReference; lastKnownFileType = sourcecode.swift; path = FriendshipRequests.swift; sourceTree = "<group>"; };
		BFE39CB422E14D2E00C2ABDE /* InterestCell.swift */ = {isa = PBXFileReference; lastKnownFileType = sourcecode.swift; path = InterestCell.swift; sourceTree = "<group>"; };
		BFE39CB522E14D2E00C2ABDE /* InterestCell.xib */ = {isa = PBXFileReference; lastKnownFileType = file.xib; path = InterestCell.xib; sourceTree = "<group>"; };
		BFE39CB922E160C600C2ABDE /* HeaderCell.swift */ = {isa = PBXFileReference; lastKnownFileType = sourcecode.swift; path = HeaderCell.swift; sourceTree = "<group>"; };
		BFE39CBA22E160C600C2ABDE /* HeaderCell.xib */ = {isa = PBXFileReference; lastKnownFileType = file.xib; path = HeaderCell.xib; sourceTree = "<group>"; };
		BFEB30381F68891E00CD4173 /* UserData.swift */ = {isa = PBXFileReference; lastKnownFileType = sourcecode.swift; path = UserData.swift; sourceTree = "<group>"; };
		BFEE185C1FD493960011A34A /* String+Subtring.swift */ = {isa = PBXFileReference; lastKnownFileType = sourcecode.swift; path = "String+Subtring.swift"; sourceTree = "<group>"; };
		BFFB1A1823F49B2D00BC6CAA /* FriendshipCell.swift */ = {isa = PBXFileReference; lastKnownFileType = sourcecode.swift; path = FriendshipCell.swift; sourceTree = "<group>"; };
		BFFB1A1923F49B2D00BC6CAA /* FriendshipCell.xib */ = {isa = PBXFileReference; lastKnownFileType = file.xib; path = FriendshipCell.xib; sourceTree = "<group>"; };
		CA63F1DF82FD5807F3D81495 /* Pods_Mac_Daddy.framework */ = {isa = PBXFileReference; explicitFileType = wrapper.framework; includeInIndex = 0; path = Pods_Mac_Daddy.framework; sourceTree = BUILT_PRODUCTS_DIR; };
		E43A8F8823F85B6200530089 /* EditMajorVC.swift */ = {isa = PBXFileReference; lastKnownFileType = sourcecode.swift; path = EditMajorVC.swift; sourceTree = "<group>"; };
/* End PBXFileReference section */

/* Begin PBXFrameworksBuildPhase section */
		BF10826F1ED4C793000677A3 /* Frameworks */ = {
			isa = PBXFrameworksBuildPhase;
			buildActionMask = 2147483647;
			files = (
				FBF423040A80BF0824D00FBC /* Pods_Mac_Daddy.framework in Frameworks */,
			);
			runOnlyForDeploymentPostprocessing = 0;
		};
/* End PBXFrameworksBuildPhase section */

/* Begin PBXGroup section */
		9236D1BE8BDE1D00B80A6E48 /* Frameworks */ = {
			isa = PBXGroup;
			children = (
				CA63F1DF82FD5807F3D81495 /* Pods_Mac_Daddy.framework */,
			);
			name = Frameworks;
			sourceTree = "<group>";
		};
		B397D96C23EF1E6B00ABE94F /* Handles */ = {
			isa = PBXGroup;
			children = (
				B397D96F23EF25E200ABE94F /* HandleCell.swift */,
				B397D97323EF298200ABE94F /* HandleCell.xib */,
				B397D96D23EF1EF700ABE94F /* EditHandlesVC.swift */,
			);
			path = Handles;
			sourceTree = "<group>";
		};
		BF005BE01FB9FE7300CFE337 /* Home */ = {
			isa = PBXGroup;
			children = (
				BF2652EA1F16B2090013873F /* HomeVC.swift */,
				BF7B29DB23F1E84400E1B29B /* HomeVC_V2Extension.swift */,
				BF69B539240481E900CD7421 /* HomeVC_HybridCollection.swift */,
				BFFB1A1823F49B2D00BC6CAA /* FriendshipCell.swift */,
				BFFB1A1923F49B2D00BC6CAA /* FriendshipCell.xib */,
				BF5408242057619D00E5A1BB /* AboutVC.swift */,
				BF99DDC11F1E85C30069F2C5 /* Messenger */,
			);
			name = Home;
			sourceTree = "<group>";
		};
		BF1082691ED4C793000677A3 = {
			isa = PBXGroup;
			children = (
				BFB2E5461F71D31E0096D562 /* Bridging-Header.h */,
				BF1082741ED4C793000677A3 /* Mac Daddy */,
				BF1082811ED4C793000677A3 /* Info.plist */,
				BF1082871ED4C7A7000677A3 /* GoogleService-Info.plist */,
				BF1082731ED4C793000677A3 /* Products */,
				C4FAAD85A879054E020BFE13 /* Pods */,
				9236D1BE8BDE1D00B80A6E48 /* Frameworks */,
			);
			sourceTree = "<group>";
		};
		BF1082731ED4C793000677A3 /* Products */ = {
			isa = PBXGroup;
			children = (
				BF1082721ED4C793000677A3 /* Mac Daddy.app */,
			);
			name = Products;
			sourceTree = "<group>";
		};
		BF1082741ED4C793000677A3 /* Mac Daddy */ = {
			isa = PBXGroup;
			children = (
				BF0F0940218CED5D00036842 /* Mac Daddy.entitlements */,
				BF10827C1ED4C793000677A3 /* Assets.xcassets */,
				BF1082751ED4C793000677A3 /* AppDelegate.swift */,
				BF1082791ED4C793000677A3 /* Main.storyboard */,
				BF528EE623400B0300E7E1E5 /* Onboarding.storyboard */,
				BF16F49D22ADBBBD00BCF369 /* Network Calls */,
				BF57B64E228F482700D500A2 /* Model Objects */,
				BF4C29D6218B654D00589E1B /* Legacy */,
				BF0A9A6B20169FE400AC1E48 /* Structs.swift */,
				BFB2E5471F71D4A40096D562 /* Constants.swift */,
				BF99DDBD1F1845140069F2C5 /* Launch */,
				BF1EDC501EE4A027006CB610 /* Login */,
				BF005BE01FB9FE7300CFE337 /* Home */,
				BF7CF3412308209E004CEB7A /* World */,
				BF42392722BD582200340E83 /* User Profile */,
				BF99DDBE1F1846960069F2C5 /* Effects */,
			);
			path = "Mac Daddy";
			sourceTree = "<group>";
		};
		BF16F49D22ADBBBD00BCF369 /* Network Calls */ = {
			isa = PBXGroup;
			children = (
				BF76918522B6882500D7A5EC /* CodableExtensions.swift */,
				BF16F49E22ADBBF800BCF369 /* NetworkConstants.swift */,
				BF16F4A022ADBE1700BCF369 /* UserRequests.swift */,
				BFD69E8B23EF27ED00C19D64 /* FriendshipRequests.swift */,
				BFC80D4823F5CCD300AAC744 /* MatchingRequests.swift */,
				BF7B29DD23F209C100E1B29B /* NotificationExtensions.swift */,
				BF1EDC4E1EE4A015006CB610 /* FirebaseManager.swift */,
			);
			name = "Network Calls";
			sourceTree = "<group>";
		};
		BF1EDC501EE4A027006CB610 /* Login */ = {
			isa = PBXGroup;
			children = (
				BF1082771ED4C793000677A3 /* LoginVC.swift */,
				BF3B2E161EE43A67002796DE /* VerifyVC.swift */,
				BF5B410D236BBBFC0046A94F /* InputNameVC.swift */,
				BF5B410F236CB4970046A94F /* CreateAvatarVC.swift */,
			);
			name = Login;
			sourceTree = "<group>";
		};
		BF310E1F22DC2606006C7D6D /* Avatar */ = {
			isa = PBXGroup;
			children = (
				BF310E1722DC0D5D006C7D6D /* AvatarCreatorVC.swift */,
				BF310E1922DC10C1006C7D6D /* AvatarView.xib */,
				BF310E1B22DC122B006C7D6D /* AvatarView.swift */,
				BF310E1D22DC2601006C7D6D /* AvatarObject.swift */,
			);
			name = Avatar;
			sourceTree = "<group>";
		};
		BF42392722BD582200340E83 /* User Profile */ = {
			isa = PBXGroup;
			children = (
				BF42392522BD564900340E83 /* Profile.storyboard */,
				BF42392A22C12CA800340E83 /* UserProfileVC.swift */,
				BF310E1F22DC2606006C7D6D /* Avatar */,
				BF741E5122CCFC1B00F9CACE /* Basic Info */,
				BF58F4D722DE3464008F69FF /* Grade Status */,
				BF741E5222CCFC3300F9CACE /* Bio */,
				E43A8F8723F857DF00530089 /* Major */,
				B397D96C23EF1E6B00ABE94F /* Handles */,
				BF741E5422CCFC6100F9CACE /* Map */,
				BFE39CB822E160A200C2ABDE /* Headers */,
				BFE39CB322E14CC600C2ABDE /* Interests */,
				BF741E5322CCFC4000F9CACE /* Logout */,
				BF42392C22C130D000340E83 /* CollectionViewFlowLayout.swift */,
			);
			name = "User Profile";
			sourceTree = "<group>";
		};
		BF4C29D6218B654D00589E1B /* Legacy */ = {
			isa = PBXGroup;
			children = (
				BF628E031FCE1FA100824E87 /* Matching.swift */,
				BF005BDE1FB9FE6300CFE337 /* FriendChatCell.swift */,
				BF99DDBC1F1842DD0069F2C5 /* Profile Editing */,
				BF528EEA23401AAA00E7E1E5 /* Legacy.storyboard */,
				BF2652EE1F18057F0013873F /* DataHandler.swift */,
				BF0220F420AF457A00A3CB8F /* DataHandler_Core.swift */,
				BFA6564521A5EA5B00A9B99B /* DataHandler_FCM.swift */,
				BF0220F220AF42EB00A3CB8F /* DataHandler_Express.swift */,
				BF4C29D0218909B100589E1B /* DataHandler_Friends.swift */,
				BF4C29D4218B60EA00589E1B /* DataHandler_Observers.swift */,
				BF528EE4233AFDF900E7E1E5 /* Message.swift */,
				BF70B6602339B4E900E3A47B /* MessageInterfaceVC.swift */,
			);
			name = Legacy;
			sourceTree = "<group>";
		};
		BF57B64E228F482700D500A2 /* Model Objects */ = {
			isa = PBXGroup;
			children = (
				BF57B64C228F481C00D500A2 /* UserObject.swift */,
				BF7066FB22AD5A5800129EA9 /* UserManager.swift */,
				BFD69E8123E62F6100C19D64 /* GigObject.swift */,
				BFC255E423F671B700EF865B /* SponsorObject.swift */,
				BF57B651228F49D800D500A2 /* InterestsObject.swift */,
				BF57B653228F4B2C00D500A2 /* CommunityObject.swift */,
				BF57B64F228F487000D500A2 /* FriendshipObject.swift */,
			);
			name = "Model Objects";
			sourceTree = "<group>";
		};
		BF58F4D722DE3464008F69FF /* Grade Status */ = {
			isa = PBXGroup;
			children = (
				BF58F4D322DE317A008F69FF /* GradeStatusCell.swift */,
				BF58F4D422DE317A008F69FF /* GradeStatusCell.xib */,
				B373D4C122C6FC8D0051896F /* EditGradeStatusVC.swift */,
			);
			name = "Grade Status";
			sourceTree = "<group>";
		};
		BF741E5122CCFC1B00F9CACE /* Basic Info */ = {
			isa = PBXGroup;
			children = (
				BF42392E22C132F800340E83 /* BasicInfoCell.swift */,
				BF42392822BD593100340E83 /* BasicInfoCell.xib */,
			);
			name = "Basic Info";
			sourceTree = "<group>";
		};
		BF741E5222CCFC3300F9CACE /* Bio */ = {
			isa = PBXGroup;
			children = (
				BF8603C022C19F6F00BA2608 /* BioCell.xib */,
				BF8603BF22C19F6F00BA2608 /* BioCell.swift */,
				BF570A7023073C8F001AC839 /* EditShortBioVC.swift */,
			);
			name = Bio;
			sourceTree = "<group>";
		};
		BF741E5322CCFC4000F9CACE /* Logout */ = {
			isa = PBXGroup;
			children = (
				BF42393022C144A500340E83 /* LogoutCell.swift */,
				BF42393122C144A500340E83 /* LogoutCell.xib */,
			);
			name = Logout;
			sourceTree = "<group>";
		};
		BF741E5422CCFC6100F9CACE /* Map */ = {
			isa = PBXGroup;
			children = (
				BF741E5722CCFCC500F9CACE /* MapCell.swift */,
				BF741E5822CCFCC500F9CACE /* MapCell.xib */,
				BFD28E5922DE253600FA48B7 /* NearbyCell.swift */,
				BFD28E5A22DE253600FA48B7 /* NearbyCell.xib */,
			);
			name = Map;
			sourceTree = "<group>";
		};
		BF7CF3412308209E004CEB7A /* World */ = {
			isa = PBXGroup;
			children = (
				BF7CF342230820D9004CEB7A /* World.storyboard */,
				BF7CF3442308215C004CEB7A /* WorldVC.swift */,
				BFD69E8323E6327700C19D64 /* PostGigVC.swift */,
				BF7CF34623082FF4004CEB7A /* World Cells */,
			);
			name = World;
			sourceTree = "<group>";
		};
		BF7CF34623082FF4004CEB7A /* World Cells */ = {
			isa = PBXGroup;
			children = (
				BF7CF34723083039004CEB7A /* UserCell.swift */,
				BF7CF34823083039004CEB7A /* UserCell.xib */,
				BFD69E8523E6392500C19D64 /* GigCell.swift */,
				BFD69E8623E6392500C19D64 /* GigCell.xib */,
				BF7B29DF23F2182B00E1B29B /* SponsorsCollectionCell.swift */,
				BF7B29E023F2182B00E1B29B /* SponsorsCollectionCell.xib */,
				BF7B29E323F2193900E1B29B /* SponsorCell.swift */,
				BF7B29E423F2193900E1B29B /* SponsorCell.xib */,
			);
			name = "World Cells";
			sourceTree = "<group>";
		};
		BF99DDBC1F1842DD0069F2C5 /* Profile Editing */ = {
			isa = PBXGroup;
			children = (
				BF99DDBA1F183F710069F2C5 /* ProfileOptionsVC.swift */,
				BF8A0E3A1FBB6FF7009EEF4E /* EditProfile.swift */,
				BF43C5DB1EE72AAC00602357 /* MyPreferencesVC.swift */,
				BFCC3BF41EE89BDA00BD1F1C /* Profile Setup */,
			);
			name = "Profile Editing";
			sourceTree = "<group>";
		};
		BF99DDBD1F1845140069F2C5 /* Launch */ = {
			isa = PBXGroup;
			children = (
				BF5831041EE1ECF200A5D34C /* LaunchScreen.storyboard */,
				BF528EE8234010A300E7E1E5 /* InitialVC.swift */,
				BF1EDC511EE60CAF006CB610 /* WelcomeVC.swift */,
			);
			name = Launch;
			sourceTree = "<group>";
		};
		BF99DDBE1F1846960069F2C5 /* Effects */ = {
			isa = PBXGroup;
			children = (
				BF99DDBF1F1846AB0069F2C5 /* Segues.swift */,
				BFD2CD71219B36D900337148 /* GraphicEffects.swift */,
				BFEE185C1FD493960011A34A /* String+Subtring.swift */,
			);
			name = Effects;
			sourceTree = "<group>";
		};
		BF99DDC11F1E85C30069F2C5 /* Messenger */ = {
			isa = PBXGroup;
			children = (
				BF0F0941218D59E300036842 /* ChatSceneVC.swift */,
				BF85923420606F200065C8AD /* Chatting.swift */,
				BFB2E5491F71D4FD0096D562 /* ChatInterfaceVC.swift */,
				BF9F50F421BB47CA000FA5C4 /* ChatHandler.swift */,
				BF8EC8F020ADD866008CFCCE /* ChattingAlerts.swift */,
				BFD2CD75219B44DA00337148 /* FriendDetail */,
				BFEB30381F68891E00CD4173 /* UserData.swift */,
			);
			name = Messenger;
			sourceTree = "<group>";
		};
		BFCC3BF41EE89BDA00BD1F1C /* Profile Setup */ = {
			isa = PBXGroup;
			children = (
				BFCC3BF51EE89C5600BD1F1C /* PrivateSetup1VC.swift */,
				BF4247F11EF70E1B003BEEA8 /* PrivateSetup2VC.swift */,
				BF2652EC1F16BB9F0013873F /* PreferencesSetupVC.swift */,
				BF2652F01F1821F30013873F /* InterestsSetupVC.swift */,
			);
			name = "Profile Setup";
			sourceTree = "<group>";
		};
		BFD2CD75219B44DA00337148 /* FriendDetail */ = {
			isa = PBXGroup;
			children = (
				BFD2CD76219B44FA00337148 /* FriendDetailVC.swift */,
			);
			name = FriendDetail;
			sourceTree = "<group>";
		};
		BFE39CB322E14CC600C2ABDE /* Interests */ = {
			isa = PBXGroup;
			children = (
				BFE39CB422E14D2E00C2ABDE /* InterestCell.swift */,
				BFE39CB522E14D2E00C2ABDE /* InterestCell.xib */,
			);
			name = Interests;
			sourceTree = "<group>";
		};
		BFE39CB822E160A200C2ABDE /* Headers */ = {
			isa = PBXGroup;
			children = (
				BFE39CB922E160C600C2ABDE /* HeaderCell.swift */,
				BFE39CBA22E160C600C2ABDE /* HeaderCell.xib */,
			);
			name = Headers;
			sourceTree = "<group>";
		};
		C4FAAD85A879054E020BFE13 /* Pods */ = {
			isa = PBXGroup;
			children = (
				1E2793F9AB03245BA72648A1 /* Pods-Mac Daddy.debug.xcconfig */,
				1B37B8AFA3166496974111B3 /* Pods-Mac Daddy.release.xcconfig */,
			);
			path = Pods;
			sourceTree = "<group>";
		};
		E43A8F8723F857DF00530089 /* Major */ = {
			isa = PBXGroup;
			children = (
				E43A8F8823F85B6200530089 /* EditMajorVC.swift */,
			);
			path = Major;
			sourceTree = "<group>";
		};
/* End PBXGroup section */

/* Begin PBXNativeTarget section */
		BF1082711ED4C793000677A3 /* Mac Daddy */ = {
			isa = PBXNativeTarget;
			buildConfigurationList = BF1082841ED4C793000677A3 /* Build configuration list for PBXNativeTarget "Mac Daddy" */;
			buildPhases = (
				E8CA0520F99980D739EC34D4 /* [CP] Check Pods Manifest.lock */,
				BF10826E1ED4C793000677A3 /* Sources */,
				BF10826F1ED4C793000677A3 /* Frameworks */,
				BF1082701ED4C793000677A3 /* Resources */,
				B4E8BE481A4E6D192D4F2E4F /* [CP] Embed Pods Frameworks */,
			);
			buildRules = (
			);
			dependencies = (
			);
			name = "Mac Daddy";
			productName = "Mac Daddy";
			productReference = BF1082721ED4C793000677A3 /* Mac Daddy.app */;
			productType = "com.apple.product-type.application";
		};
/* End PBXNativeTarget section */

/* Begin PBXProject section */
		BF10826A1ED4C793000677A3 /* Project object */ = {
			isa = PBXProject;
			attributes = {
				LastSwiftUpdateCheck = 0730;
				LastUpgradeCheck = 1020;
				ORGANIZATIONNAME = Synestha;
				TargetAttributes = {
					BF1082711ED4C793000677A3 = {
						CreatedOnToolsVersion = 7.3.1;
						LastSwiftMigration = 0930;
						ProvisioningStyle = Automatic;
						SystemCapabilities = {
							com.apple.Push = {
								enabled = 1;
							};
						};
					};
				};
			};
			buildConfigurationList = BF10826D1ED4C793000677A3 /* Build configuration list for PBXProject "Mac Daddy" */;
			compatibilityVersion = "Xcode 8.0";
			developmentRegion = English;
			hasScannedForEncodings = 0;
			knownRegions = (
				English,
				en,
				Base,
			);
			mainGroup = BF1082691ED4C793000677A3;
			productRefGroup = BF1082731ED4C793000677A3 /* Products */;
			projectDirPath = "";
			projectRoot = "";
			targets = (
				BF1082711ED4C793000677A3 /* Mac Daddy */,
			);
		};
/* End PBXProject section */

/* Begin PBXResourcesBuildPhase section */
		BF1082701ED4C793000677A3 /* Resources */ = {
			isa = PBXResourcesBuildPhase;
			buildActionMask = 2147483647;
			files = (
				BF7B29E623F2193900E1B29B /* SponsorCell.xib in Resources */,
				BF7B29E223F2182B00E1B29B /* SponsorsCollectionCell.xib in Resources */,
				BF1082881ED4C7A7000677A3 /* GoogleService-Info.plist in Resources */,
				BF5831051EE1ECF200A5D34C /* LaunchScreen.storyboard in Resources */,
				BF7CF343230820D9004CEB7A /* World.storyboard in Resources */,
				BFE39CBC22E160C600C2ABDE /* HeaderCell.xib in Resources */,
				BF42392922BD593100340E83 /* BasicInfoCell.xib in Resources */,
				BF58F4D622DE317A008F69FF /* GradeStatusCell.xib in Resources */,
				BF310E1A22DC10C1006C7D6D /* AvatarView.xib in Resources */,
				BFFB1A1B23F49B2D00BC6CAA /* FriendshipCell.xib in Resources */,
				BF42392622BD564900340E83 /* Profile.storyboard in Resources */,
				BF10827D1ED4C793000677A3 /* Assets.xcassets in Resources */,
				BF10827B1ED4C793000677A3 /* Main.storyboard in Resources */,
				BF528EE723400B0300E7E1E5 /* Onboarding.storyboard in Resources */,
				BF8603C222C19F6F00BA2608 /* BioCell.xib in Resources */,
				BFD28E5C22DE253600FA48B7 /* NearbyCell.xib in Resources */,
				BF7CF34A23083039004CEB7A /* UserCell.xib in Resources */,
				BF42393322C144A500340E83 /* LogoutCell.xib in Resources */,
				BF741E5A22CCFCC500F9CACE /* MapCell.xib in Resources */,
				BFE39CB722E14D2F00C2ABDE /* InterestCell.xib in Resources */,
				BFD69E8823E6392500C19D64 /* GigCell.xib in Resources */,
			);
			runOnlyForDeploymentPostprocessing = 0;
		};
/* End PBXResourcesBuildPhase section */

/* Begin PBXShellScriptBuildPhase section */
		B4E8BE481A4E6D192D4F2E4F /* [CP] Embed Pods Frameworks */ = {
			isa = PBXShellScriptBuildPhase;
			buildActionMask = 2147483647;
			files = (
			);
			inputPaths = (
				"${PODS_ROOT}/Target Support Files/Pods-Mac Daddy/Pods-Mac Daddy-frameworks.sh",
				"${BUILT_PRODUCTS_DIR}/BoringSSL-GRPC/openssl_grpc.framework",
				"${BUILT_PRODUCTS_DIR}/GTMSessionFetcher/GTMSessionFetcher.framework",
				"${BUILT_PRODUCTS_DIR}/GoogleUtilities/GoogleUtilities.framework",
				"${BUILT_PRODUCTS_DIR}/InputBarAccessoryView/InputBarAccessoryView.framework",
				"${BUILT_PRODUCTS_DIR}/JSQMessagesViewController/JSQMessagesViewController.framework",
				"${BUILT_PRODUCTS_DIR}/JSQSystemSoundPlayer/JSQSystemSoundPlayer.framework",
				"${BUILT_PRODUCTS_DIR}/MessageKit/MessageKit.framework",
				"${BUILT_PRODUCTS_DIR}/NWPusher/NWPusher.framework",
				"${BUILT_PRODUCTS_DIR}/PromisesObjC/FBLPromises.framework",
				"${BUILT_PRODUCTS_DIR}/Protobuf/protobuf.framework",
				"${BUILT_PRODUCTS_DIR}/abseil/absl.framework",
				"${BUILT_PRODUCTS_DIR}/gRPC-C++/grpcpp.framework",
				"${BUILT_PRODUCTS_DIR}/gRPC-Core/grpc.framework",
				"${BUILT_PRODUCTS_DIR}/leveldb-library/leveldb.framework",
				"${BUILT_PRODUCTS_DIR}/nanopb/nanopb.framework",
			);
			name = "[CP] Embed Pods Frameworks";
			outputPaths = (
				"${TARGET_BUILD_DIR}/${FRAMEWORKS_FOLDER_PATH}/openssl_grpc.framework",
				"${TARGET_BUILD_DIR}/${FRAMEWORKS_FOLDER_PATH}/GTMSessionFetcher.framework",
				"${TARGET_BUILD_DIR}/${FRAMEWORKS_FOLDER_PATH}/GoogleUtilities.framework",
				"${TARGET_BUILD_DIR}/${FRAMEWORKS_FOLDER_PATH}/InputBarAccessoryView.framework",
				"${TARGET_BUILD_DIR}/${FRAMEWORKS_FOLDER_PATH}/JSQMessagesViewController.framework",
				"${TARGET_BUILD_DIR}/${FRAMEWORKS_FOLDER_PATH}/JSQSystemSoundPlayer.framework",
				"${TARGET_BUILD_DIR}/${FRAMEWORKS_FOLDER_PATH}/MessageKit.framework",
				"${TARGET_BUILD_DIR}/${FRAMEWORKS_FOLDER_PATH}/NWPusher.framework",
				"${TARGET_BUILD_DIR}/${FRAMEWORKS_FOLDER_PATH}/FBLPromises.framework",
				"${TARGET_BUILD_DIR}/${FRAMEWORKS_FOLDER_PATH}/protobuf.framework",
				"${TARGET_BUILD_DIR}/${FRAMEWORKS_FOLDER_PATH}/absl.framework",
				"${TARGET_BUILD_DIR}/${FRAMEWORKS_FOLDER_PATH}/grpcpp.framework",
				"${TARGET_BUILD_DIR}/${FRAMEWORKS_FOLDER_PATH}/grpc.framework",
				"${TARGET_BUILD_DIR}/${FRAMEWORKS_FOLDER_PATH}/leveldb.framework",
				"${TARGET_BUILD_DIR}/${FRAMEWORKS_FOLDER_PATH}/nanopb.framework",
			);
			runOnlyForDeploymentPostprocessing = 0;
			shellPath = /bin/sh;
			shellScript = "\"${PODS_ROOT}/Target Support Files/Pods-Mac Daddy/Pods-Mac Daddy-frameworks.sh\"\n";
			showEnvVarsInLog = 0;
		};
		E8CA0520F99980D739EC34D4 /* [CP] Check Pods Manifest.lock */ = {
			isa = PBXShellScriptBuildPhase;
			buildActionMask = 2147483647;
			files = (
			);
			inputFileListPaths = (
			);
			inputPaths = (
				"${PODS_PODFILE_DIR_PATH}/Podfile.lock",
				"${PODS_ROOT}/Manifest.lock",
			);
			name = "[CP] Check Pods Manifest.lock";
			outputFileListPaths = (
			);
			outputPaths = (
				"$(DERIVED_FILE_DIR)/Pods-Mac Daddy-checkManifestLockResult.txt",
			);
			runOnlyForDeploymentPostprocessing = 0;
			shellPath = /bin/sh;
			shellScript = "diff \"${PODS_PODFILE_DIR_PATH}/Podfile.lock\" \"${PODS_ROOT}/Manifest.lock\" > /dev/null\nif [ $? != 0 ] ; then\n    # print error to STDERR\n    echo \"error: The sandbox is not in sync with the Podfile.lock. Run 'pod install' or update your CocoaPods installation.\" >&2\n    exit 1\nfi\n# This output is used by Xcode 'outputs' to avoid re-running this script phase.\necho \"SUCCESS\" > \"${SCRIPT_OUTPUT_FILE_0}\"\n";
			showEnvVarsInLog = 0;
		};
/* End PBXShellScriptBuildPhase section */

/* Begin PBXSourcesBuildPhase section */
		BF10826E1ED4C793000677A3 /* Sources */ = {
			isa = PBXSourcesBuildPhase;
			buildActionMask = 2147483647;
			files = (
				BFC80D4923F5CCD300AAC744 /* MatchingRequests.swift in Sources */,
				BFC255E523F671B700EF865B /* SponsorObject.swift in Sources */,
				BF628E041FCE1FA200824E87 /* Matching.swift in Sources */,
				BFB2E54A1F71D4FD0096D562 /* ChatInterfaceVC.swift in Sources */,
				BF1EDC521EE60CAF006CB610 /* WelcomeVC.swift in Sources */,
				BFD2CD72219B36D900337148 /* GraphicEffects.swift in Sources */,
				BF0220F320AF42EB00A3CB8F /* DataHandler_Express.swift in Sources */,
				BF7B29DC23F1E84400E1B29B /* HomeVC_V2Extension.swift in Sources */,
				BF85923520606F200065C8AD /* Chatting.swift in Sources */,
				BFD69E8423E6327700C19D64 /* PostGigVC.swift in Sources */,
				BFB2E5481F71D4A40096D562 /* Constants.swift in Sources */,
				BFEB30391F68891E00CD4173 /* UserData.swift in Sources */,
				BF7CF34923083039004CEB7A /* UserCell.swift in Sources */,
				BF2652EB1F16B2090013873F /* HomeVC.swift in Sources */,
				BF5408252057619D00E5A1BB /* AboutVC.swift in Sources */,
				BFA6564621A5EA5B00A9B99B /* DataHandler_FCM.swift in Sources */,
				BF310E1822DC0D5D006C7D6D /* AvatarCreatorVC.swift in Sources */,
				BF570A7123073C8F001AC839 /* EditShortBioVC.swift in Sources */,
				BFD69E8C23EF27ED00C19D64 /* FriendshipRequests.swift in Sources */,
				BFD69E8723E6392500C19D64 /* GigCell.swift in Sources */,
				BF7B29DE23F209C100E1B29B /* NotificationExtensions.swift in Sources */,
				BF1082781ED4C793000677A3 /* LoginVC.swift in Sources */,
				BF99DDC01F1846AB0069F2C5 /* Segues.swift in Sources */,
				BFFB1A1A23F49B2D00BC6CAA /* FriendshipCell.swift in Sources */,
				BF57B64D228F481C00D500A2 /* UserObject.swift in Sources */,
				BF741E5922CCFCC500F9CACE /* MapCell.swift in Sources */,
				BF528EE9234010A300E7E1E5 /* InitialVC.swift in Sources */,
				BF0220F520AF457A00A3CB8F /* DataHandler_Core.swift in Sources */,
				BF310E1C22DC122B006C7D6D /* AvatarView.swift in Sources */,
				BF4C29D5218B60EA00589E1B /* DataHandler_Observers.swift in Sources */,
				BF5B410E236BBBFC0046A94F /* InputNameVC.swift in Sources */,
				BF99DDBB1F183F710069F2C5 /* ProfileOptionsVC.swift in Sources */,
				BF7B29E123F2182B00E1B29B /* SponsorsCollectionCell.swift in Sources */,
				BF8603C122C19F6F00BA2608 /* BioCell.swift in Sources */,
				BF2652EF1F18057F0013873F /* DataHandler.swift in Sources */,
				BFCC3BF61EE89C5600BD1F1C /* PrivateSetup1VC.swift in Sources */,
				BF43C5DC1EE72AAC00602357 /* MyPreferencesVC.swift in Sources */,
				BF42392D22C130D000340E83 /* CollectionViewFlowLayout.swift in Sources */,
				BFD2CD77219B44FA00337148 /* FriendDetailVC.swift in Sources */,
				BFEE185D1FD493960011A34A /* String+Subtring.swift in Sources */,
				BF16F4A122ADBE1700BCF369 /* UserRequests.swift in Sources */,
				BFE39CBB22E160C600C2ABDE /* HeaderCell.swift in Sources */,
				BFD28E5B22DE253600FA48B7 /* NearbyCell.swift in Sources */,
				BF70B6612339B4E900E3A47B /* MessageInterfaceVC.swift in Sources */,
				BF42392B22C12CA800340E83 /* UserProfileVC.swift in Sources */,
				BF57B652228F49D800D500A2 /* InterestsObject.swift in Sources */,
				BF8A0E3B1FBB6FF7009EEF4E /* EditProfile.swift in Sources */,
				BF0A9A6C20169FE400AC1E48 /* Structs.swift in Sources */,
				BF58F4D522DE317A008F69FF /* GradeStatusCell.swift in Sources */,
				B373D4C222C6FC8D0051896F /* EditGradeStatusVC.swift in Sources */,
				BF57B650228F487000D500A2 /* FriendshipObject.swift in Sources */,
				BF7B29E523F2193900E1B29B /* SponsorCell.swift in Sources */,
				BF57B654228F4B2C00D500A2 /* CommunityObject.swift in Sources */,
				BF5B4110236CB4970046A94F /* CreateAvatarVC.swift in Sources */,
				BF1EDC4F1EE4A015006CB610 /* FirebaseManager.swift in Sources */,
				BF0F0942218D59E400036842 /* ChatSceneVC.swift in Sources */,
				BF2652ED1F16BB9F0013873F /* PreferencesSetupVC.swift in Sources */,
				BF005BDF1FB9FE6300CFE337 /* FriendChatCell.swift in Sources */,
				BF3B2E171EE43A67002796DE /* VerifyVC.swift in Sources */,
				BFE39CB622E14D2F00C2ABDE /* InterestCell.swift in Sources */,
				B3F01AC423F3708D00F41136 /* EditHandlesVC.swift in Sources */,
				BF2652F11F1821F30013873F /* InterestsSetupVC.swift in Sources */,
				BFD69E8223E62F6100C19D64 /* GigObject.swift in Sources */,
				BF42393222C144A500340E83 /* LogoutCell.swift in Sources */,
				BF4C29D1218909B100589E1B /* DataHandler_Friends.swift in Sources */,
				BF528EE5233AFDF900E7E1E5 /* Message.swift in Sources */,
				BF310E1E22DC2601006C7D6D /* AvatarObject.swift in Sources */,
				BF1082761ED4C793000677A3 /* AppDelegate.swift in Sources */,
				E43A8F8923F85B6200530089 /* EditMajorVC.swift in Sources */,
				BF42392F22C132F800340E83 /* BasicInfoCell.swift in Sources */,
				BF8EC8F120ADD866008CFCCE /* ChattingAlerts.swift in Sources */,
				BF16F49F22ADBBF800BCF369 /* NetworkConstants.swift in Sources */,
				BF7CF3452308215C004CEB7A /* WorldVC.swift in Sources */,
				BF69B53A240481E900CD7421 /* HomeVC_HybridCollection.swift in Sources */,
				BF76918622B6882500D7A5EC /* CodableExtensions.swift in Sources */,
				BF9F50F521BB47CA000FA5C4 /* ChatHandler.swift in Sources */,
				BF7066FC22AD5A5800129EA9 /* UserManager.swift in Sources */,
				BF4247F21EF70E1B003BEEA8 /* PrivateSetup2VC.swift in Sources */,
			);
			runOnlyForDeploymentPostprocessing = 0;
		};
/* End PBXSourcesBuildPhase section */

/* Begin PBXVariantGroup section */
		BF1082791ED4C793000677A3 /* Main.storyboard */ = {
			isa = PBXVariantGroup;
			children = (
				BF10827A1ED4C793000677A3 /* Base */,
			);
			name = Main.storyboard;
			sourceTree = "<group>";
		};
/* End PBXVariantGroup section */

/* Begin XCBuildConfiguration section */
		BF1082821ED4C793000677A3 /* Debug */ = {
			isa = XCBuildConfiguration;
			buildSettings = {
				ALWAYS_SEARCH_USER_PATHS = NO;
				CLANG_ANALYZER_LOCALIZABILITY_NONLOCALIZED = YES;
				CLANG_ANALYZER_NONNULL = YES;
				CLANG_CXX_LANGUAGE_STANDARD = "gnu++0x";
				CLANG_CXX_LIBRARY = "libc++";
				CLANG_ENABLE_MODULES = YES;
				CLANG_ENABLE_OBJC_ARC = YES;
				CLANG_WARN_BLOCK_CAPTURE_AUTORELEASING = YES;
				CLANG_WARN_BOOL_CONVERSION = YES;
				CLANG_WARN_COMMA = YES;
				CLANG_WARN_CONSTANT_CONVERSION = YES;
				CLANG_WARN_DEPRECATED_OBJC_IMPLEMENTATIONS = YES;
				CLANG_WARN_DIRECT_OBJC_ISA_USAGE = YES_ERROR;
				CLANG_WARN_EMPTY_BODY = YES;
				CLANG_WARN_ENUM_CONVERSION = YES;
				CLANG_WARN_INFINITE_RECURSION = YES;
				CLANG_WARN_INT_CONVERSION = YES;
				CLANG_WARN_NON_LITERAL_NULL_CONVERSION = YES;
				CLANG_WARN_OBJC_IMPLICIT_RETAIN_SELF = YES;
				CLANG_WARN_OBJC_LITERAL_CONVERSION = YES;
				CLANG_WARN_OBJC_ROOT_CLASS = YES_ERROR;
				CLANG_WARN_RANGE_LOOP_ANALYSIS = YES;
				CLANG_WARN_STRICT_PROTOTYPES = YES;
				CLANG_WARN_SUSPICIOUS_MOVE = YES;
				CLANG_WARN_UNREACHABLE_CODE = YES;
				CLANG_WARN__DUPLICATE_METHOD_MATCH = YES;
				"CODE_SIGN_IDENTITY[sdk=iphoneos*]" = "iPhone Developer";
				COPY_PHASE_STRIP = NO;
				DEBUG_INFORMATION_FORMAT = dwarf;
				ENABLE_BITCODE = YES;
				ENABLE_STRICT_OBJC_MSGSEND = YES;
				ENABLE_TESTABILITY = YES;
				GCC_C_LANGUAGE_STANDARD = gnu99;
				GCC_DYNAMIC_NO_PIC = NO;
				GCC_NO_COMMON_BLOCKS = NO;
				GCC_OPTIMIZATION_LEVEL = 0;
				GCC_PREPROCESSOR_DEFINITIONS = (
					"DEBUG=1",
					"$(inherited)",
				);
				GCC_WARN_64_TO_32_BIT_CONVERSION = YES;
				GCC_WARN_ABOUT_RETURN_TYPE = YES_ERROR;
				GCC_WARN_UNDECLARED_SELECTOR = YES;
				GCC_WARN_UNINITIALIZED_AUTOS = YES_AGGRESSIVE;
				GCC_WARN_UNUSED_FUNCTION = YES;
				GCC_WARN_UNUSED_VARIABLE = YES;
				IPHONEOS_DEPLOYMENT_TARGET = 10.3;
				MTL_ENABLE_DEBUG_INFO = YES;
				ONLY_ACTIVE_ARCH = YES;
				PRODUCT_BUNDLE_IDENTIFIER = "";
				SDKROOT = iphoneos;
				SWIFT_OPTIMIZATION_LEVEL = "-Onone";
				SWIFT_REFLECTION_METADATA_LEVEL = none;
			};
			name = Debug;
		};
		BF1082831ED4C793000677A3 /* Release */ = {
			isa = XCBuildConfiguration;
			buildSettings = {
				ALWAYS_SEARCH_USER_PATHS = NO;
				CLANG_ANALYZER_LOCALIZABILITY_NONLOCALIZED = YES;
				CLANG_ANALYZER_NONNULL = YES;
				CLANG_CXX_LANGUAGE_STANDARD = "gnu++0x";
				CLANG_CXX_LIBRARY = "libc++";
				CLANG_ENABLE_MODULES = YES;
				CLANG_ENABLE_OBJC_ARC = YES;
				CLANG_WARN_BLOCK_CAPTURE_AUTORELEASING = YES;
				CLANG_WARN_BOOL_CONVERSION = YES;
				CLANG_WARN_COMMA = YES;
				CLANG_WARN_CONSTANT_CONVERSION = YES;
				CLANG_WARN_DEPRECATED_OBJC_IMPLEMENTATIONS = YES;
				CLANG_WARN_DIRECT_OBJC_ISA_USAGE = YES_ERROR;
				CLANG_WARN_EMPTY_BODY = YES;
				CLANG_WARN_ENUM_CONVERSION = YES;
				CLANG_WARN_INFINITE_RECURSION = YES;
				CLANG_WARN_INT_CONVERSION = YES;
				CLANG_WARN_NON_LITERAL_NULL_CONVERSION = YES;
				CLANG_WARN_OBJC_IMPLICIT_RETAIN_SELF = YES;
				CLANG_WARN_OBJC_LITERAL_CONVERSION = YES;
				CLANG_WARN_OBJC_ROOT_CLASS = YES_ERROR;
				CLANG_WARN_RANGE_LOOP_ANALYSIS = YES;
				CLANG_WARN_STRICT_PROTOTYPES = YES;
				CLANG_WARN_SUSPICIOUS_MOVE = YES;
				CLANG_WARN_UNREACHABLE_CODE = YES;
				CLANG_WARN__DUPLICATE_METHOD_MATCH = YES;
				CODE_SIGN_IDENTITY = "iPhone Distribution";
				"CODE_SIGN_IDENTITY[sdk=iphoneos*]" = "iPhone Distribution";
				COPY_PHASE_STRIP = NO;
				DEBUG_INFORMATION_FORMAT = "dwarf-with-dsym";
				ENABLE_BITCODE = YES;
				ENABLE_NS_ASSERTIONS = NO;
				ENABLE_STRICT_OBJC_MSGSEND = YES;
				GCC_C_LANGUAGE_STANDARD = gnu99;
				GCC_NO_COMMON_BLOCKS = NO;
				GCC_WARN_64_TO_32_BIT_CONVERSION = YES;
				GCC_WARN_ABOUT_RETURN_TYPE = YES_ERROR;
				GCC_WARN_UNDECLARED_SELECTOR = YES;
				GCC_WARN_UNINITIALIZED_AUTOS = YES_AGGRESSIVE;
				GCC_WARN_UNUSED_FUNCTION = YES;
				GCC_WARN_UNUSED_VARIABLE = YES;
				IPHONEOS_DEPLOYMENT_TARGET = 10.3;
				MTL_ENABLE_DEBUG_INFO = NO;
				PRODUCT_BUNDLE_IDENTIFIER = "";
				SDKROOT = iphoneos;
				SWIFT_OPTIMIZATION_LEVEL = "-Owholemodule";
				SWIFT_REFLECTION_METADATA_LEVEL = none;
				VALIDATE_PRODUCT = YES;
			};
			name = Release;
		};
		BF1082851ED4C793000677A3 /* Debug */ = {
			isa = XCBuildConfiguration;
			baseConfigurationReference = 1E2793F9AB03245BA72648A1 /* Pods-Mac Daddy.debug.xcconfig */;
			buildSettings = {
				ASSETCATALOG_COMPILER_APPICON_NAME = AppIcon;
				CODE_SIGN_ENTITLEMENTS = "Mac Daddy/Mac Daddy.entitlements";
				CODE_SIGN_IDENTITY = "iPhone Developer";
				CODE_SIGN_STYLE = Automatic;
				DEVELOPMENT_TEAM = GTCC98NN7E;
				INFOPLIST_FILE = "Mac Daddy/Info.plist";
				LD_RUNPATH_SEARCH_PATHS = "$(inherited) @executable_path/Frameworks";
				MARKETING_VERSION = 2.0.1;
				PRODUCT_BUNDLE_IDENTIFIER = "com.synestha.Mac-Daddy";
				PRODUCT_NAME = "$(TARGET_NAME)";
				PROVISIONING_PROFILE_SPECIFIER = "";
				SWIFT_OBJC_BRIDGING_HEADER = "Bridging-Header.h";
				SWIFT_SWIFT3_OBJC_INFERENCE = On;
				SWIFT_VERSION = 4.0;
			};
			name = Debug;
		};
		BF1082861ED4C793000677A3 /* Release */ = {
			isa = XCBuildConfiguration;
			baseConfigurationReference = 1B37B8AFA3166496974111B3 /* Pods-Mac Daddy.release.xcconfig */;
			buildSettings = {
				ASSETCATALOG_COMPILER_APPICON_NAME = AppIcon;
				CODE_SIGN_ENTITLEMENTS = "Mac Daddy/Mac Daddy.entitlements";
				CODE_SIGN_IDENTITY = "iPhone Developer";
				CODE_SIGN_STYLE = Automatic;
				DEVELOPMENT_TEAM = GTCC98NN7E;
				INFOPLIST_FILE = "Mac Daddy/Info.plist";
				LD_RUNPATH_SEARCH_PATHS = "$(inherited) @executable_path/Frameworks";
				MARKETING_VERSION = 2.0.1;
				PRODUCT_BUNDLE_IDENTIFIER = "com.synestha.Mac-Daddy";
				PRODUCT_NAME = "$(TARGET_NAME)";
				PROVISIONING_PROFILE_SPECIFIER = "";
				SWIFT_OBJC_BRIDGING_HEADER = "Bridging-Header.h";
				SWIFT_SWIFT3_OBJC_INFERENCE = On;
				SWIFT_VERSION = 4.0;
			};
			name = Release;
		};
/* End XCBuildConfiguration section */

/* Begin XCConfigurationList section */
		BF10826D1ED4C793000677A3 /* Build configuration list for PBXProject "Mac Daddy" */ = {
			isa = XCConfigurationList;
			buildConfigurations = (
				BF1082821ED4C793000677A3 /* Debug */,
				BF1082831ED4C793000677A3 /* Release */,
			);
			defaultConfigurationIsVisible = 0;
			defaultConfigurationName = Release;
		};
		BF1082841ED4C793000677A3 /* Build configuration list for PBXNativeTarget "Mac Daddy" */ = {
			isa = XCConfigurationList;
			buildConfigurations = (
				BF1082851ED4C793000677A3 /* Debug */,
				BF1082861ED4C793000677A3 /* Release */,
			);
			defaultConfigurationIsVisible = 0;
			defaultConfigurationName = Release;
		};
/* End XCConfigurationList section */
	};
	rootObject = BF10826A1ED4C793000677A3 /* Project object */;
}
